// !$*UTF8*$!
{
	archiveVersion = 1;
	classes = {
	};
	objectVersion = 46;
	objects = {

/* Begin PBXAggregateTarget section */
		"Docopt::DocoptPackageTests::ProductTarget" /* DocoptPackageTests */ = {
			isa = PBXAggregateTarget;
			buildConfigurationList = OBJ_62 /* Build configuration list for PBXAggregateTarget "DocoptPackageTests" */;
			buildPhases = (
			);
			dependencies = (
				OBJ_65 /* PBXTargetDependency */,
			);
			name = DocoptPackageTests;
			productName = DocoptPackageTests;
		};
/* End PBXAggregateTarget section */

/* Begin PBXBuildFile section */
		2226526920517BE500AC20E8 /* testcases.docopt in Resources */ = {isa = PBXBuildFile; fileRef = 2226526720517B8D00AC20E8 /* testcases.docopt */; };
		2226526E2051A1FA00AC20E8 /* ValueMatching.swift in Sources */ = {isa = PBXBuildFile; fileRef = 2226526A20519FCB00AC20E8 /* ValueMatching.swift */; };
		2226526F2051A1FE00AC20E8 /* ValueMatchingTests.swift in Sources */ = {isa = PBXBuildFile; fileRef = 2226526C2051A1F500AC20E8 /* ValueMatchingTests.swift */; };
		OBJ_39 /* Argument.swift in Sources */ = {isa = PBXBuildFile; fileRef = OBJ_9 /* Argument.swift */; };
		OBJ_40 /* BranchPattern.swift in Sources */ = {isa = PBXBuildFile; fileRef = OBJ_10 /* BranchPattern.swift */; };
		OBJ_41 /* Command.swift in Sources */ = {isa = PBXBuildFile; fileRef = OBJ_11 /* Command.swift */; };
		OBJ_42 /* Docopt.swift in Sources */ = {isa = PBXBuildFile; fileRef = OBJ_12 /* Docopt.swift */; };
		OBJ_43 /* DocoptError.swift in Sources */ = {isa = PBXBuildFile; fileRef = OBJ_13 /* DocoptError.swift */; };
		OBJ_44 /* Either.swift in Sources */ = {isa = PBXBuildFile; fileRef = OBJ_14 /* Either.swift */; };
		OBJ_45 /* LeafPattern.swift in Sources */ = {isa = PBXBuildFile; fileRef = OBJ_15 /* LeafPattern.swift */; };
		OBJ_46 /* OneOrMore.swift in Sources */ = {isa = PBXBuildFile; fileRef = OBJ_16 /* OneOrMore.swift */; };
		OBJ_47 /* Option.swift in Sources */ = {isa = PBXBuildFile; fileRef = OBJ_17 /* Option.swift */; };
		OBJ_48 /* Optional.swift in Sources */ = {isa = PBXBuildFile; fileRef = OBJ_18 /* Optional.swift */; };
		OBJ_49 /* OptionsShortcut.swift in Sources */ = {isa = PBXBuildFile; fileRef = OBJ_19 /* OptionsShortcut.swift */; };
		OBJ_50 /* Pattern.swift in Sources */ = {isa = PBXBuildFile; fileRef = OBJ_20 /* Pattern.swift */; };
		OBJ_51 /* Required.swift in Sources */ = {isa = PBXBuildFile; fileRef = OBJ_21 /* Required.swift */; };
		OBJ_52 /* String.swift in Sources */ = {isa = PBXBuildFile; fileRef = OBJ_22 /* String.swift */; };
		OBJ_53 /* Tokens.swift in Sources */ = {isa = PBXBuildFile; fileRef = OBJ_23 /* Tokens.swift */; };
		OBJ_60 /* Package.swift in Sources */ = {isa = PBXBuildFile; fileRef = OBJ_6 /* Package.swift */; };
		OBJ_71 /* DocoptTestCase.swift in Sources */ = {isa = PBXBuildFile; fileRef = OBJ_26 /* DocoptTestCase.swift */; };
		OBJ_72 /* DocoptTestCaseParser.swift in Sources */ = {isa = PBXBuildFile; fileRef = OBJ_27 /* DocoptTestCaseParser.swift */; };
		OBJ_73 /* DocoptTestCasesTests.swift in Sources */ = {isa = PBXBuildFile; fileRef = OBJ_28 /* DocoptTestCasesTests.swift */; };
		OBJ_74 /* DocoptTests.swift in Sources */ = {isa = PBXBuildFile; fileRef = OBJ_29 /* DocoptTests.swift */; };
		OBJ_76 /* Docopt.framework in Frameworks */ = {isa = PBXBuildFile; fileRef = "Docopt::Docopt::Product" /* Docopt.framework */; };
/* End PBXBuildFile section */

/* Begin PBXContainerItemProxy section */
		2226526520517B3700AC20E8 /* PBXContainerItemProxy */ = {
			isa = PBXContainerItemProxy;
			containerPortal = OBJ_1 /* Project object */;
			proxyType = 1;
			remoteGlobalIDString = "Docopt::Docopt";
			remoteInfo = Docopt;
		};
		2226526620517B3800AC20E8 /* PBXContainerItemProxy */ = {
			isa = PBXContainerItemProxy;
			containerPortal = OBJ_1 /* Project object */;
			proxyType = 1;
			remoteGlobalIDString = "Docopt::DocoptTests";
			remoteInfo = DocoptTests;
		};
/* End PBXContainerItemProxy section */

/* Begin PBXFileReference section */
		2226526720517B8D00AC20E8 /* testcases.docopt */ = {isa = PBXFileReference; fileEncoding = 4; lastKnownFileType = text; path = testcases.docopt; sourceTree = "<group>"; };
		2226526A20519FCB00AC20E8 /* ValueMatching.swift */ = {isa = PBXFileReference; lastKnownFileType = sourcecode.swift; path = ValueMatching.swift; sourceTree = "<group>"; };
		2226526C2051A1F500AC20E8 /* ValueMatchingTests.swift */ = {isa = PBXFileReference; lastKnownFileType = sourcecode.swift; path = ValueMatchingTests.swift; sourceTree = "<group>"; };
		222652702051A51000AC20E8 /* LinuxMain.swift */ = {isa = PBXFileReference; fileEncoding = 4; lastKnownFileType = sourcecode.swift; name = LinuxMain.swift; path = Tests/LinuxMain.swift; sourceTree = SOURCE_ROOT; };
		"Docopt::Docopt::Product" /* Docopt.framework */ = {isa = PBXFileReference; explicitFileType = wrapper.framework; path = Docopt.framework; sourceTree = BUILT_PRODUCTS_DIR; };
		"Docopt::DocoptTests::Product" /* DocoptTests.xctest */ = {isa = PBXFileReference; explicitFileType = wrapper.cfbundle; path = DocoptTests.xctest; sourceTree = BUILT_PRODUCTS_DIR; };
		OBJ_10 /* BranchPattern.swift */ = {isa = PBXFileReference; lastKnownFileType = sourcecode.swift; path = BranchPattern.swift; sourceTree = "<group>"; };
		OBJ_11 /* Command.swift */ = {isa = PBXFileReference; lastKnownFileType = sourcecode.swift; path = Command.swift; sourceTree = "<group>"; };
		OBJ_12 /* Docopt.swift */ = {isa = PBXFileReference; lastKnownFileType = sourcecode.swift; path = Docopt.swift; sourceTree = "<group>"; };
		OBJ_13 /* DocoptError.swift */ = {isa = PBXFileReference; lastKnownFileType = sourcecode.swift; path = DocoptError.swift; sourceTree = "<group>"; };
		OBJ_14 /* Either.swift */ = {isa = PBXFileReference; lastKnownFileType = sourcecode.swift; path = Either.swift; sourceTree = "<group>"; };
		OBJ_15 /* LeafPattern.swift */ = {isa = PBXFileReference; lastKnownFileType = sourcecode.swift; path = LeafPattern.swift; sourceTree = "<group>"; };
		OBJ_16 /* OneOrMore.swift */ = {isa = PBXFileReference; lastKnownFileType = sourcecode.swift; path = OneOrMore.swift; sourceTree = "<group>"; };
		OBJ_17 /* Option.swift */ = {isa = PBXFileReference; lastKnownFileType = sourcecode.swift; path = Option.swift; sourceTree = "<group>"; };
		OBJ_18 /* Optional.swift */ = {isa = PBXFileReference; lastKnownFileType = sourcecode.swift; path = Optional.swift; sourceTree = "<group>"; };
		OBJ_19 /* OptionsShortcut.swift */ = {isa = PBXFileReference; lastKnownFileType = sourcecode.swift; path = OptionsShortcut.swift; sourceTree = "<group>"; };
		OBJ_20 /* Pattern.swift */ = {isa = PBXFileReference; lastKnownFileType = sourcecode.swift; path = Pattern.swift; sourceTree = "<group>"; };
		OBJ_21 /* Required.swift */ = {isa = PBXFileReference; lastKnownFileType = sourcecode.swift; path = Required.swift; sourceTree = "<group>"; };
		OBJ_22 /* String.swift */ = {isa = PBXFileReference; lastKnownFileType = sourcecode.swift; path = String.swift; sourceTree = "<group>"; };
		OBJ_23 /* Tokens.swift */ = {isa = PBXFileReference; lastKnownFileType = sourcecode.swift; path = Tokens.swift; sourceTree = "<group>"; };
		OBJ_26 /* DocoptTestCase.swift */ = {isa = PBXFileReference; lastKnownFileType = sourcecode.swift; path = DocoptTestCase.swift; sourceTree = "<group>"; };
		OBJ_27 /* DocoptTestCaseParser.swift */ = {isa = PBXFileReference; lastKnownFileType = sourcecode.swift; path = DocoptTestCaseParser.swift; sourceTree = "<group>"; };
		OBJ_28 /* DocoptTestCasesTests.swift */ = {isa = PBXFileReference; lastKnownFileType = sourcecode.swift; path = DocoptTestCasesTests.swift; sourceTree = "<group>"; };
		OBJ_29 /* DocoptTests.swift */ = {isa = PBXFileReference; lastKnownFileType = sourcecode.swift; path = DocoptTests.swift; sourceTree = "<group>"; };
		OBJ_30 /* Examples */ = {isa = PBXFileReference; lastKnownFileType = folder; path = Examples; sourceTree = SOURCE_ROOT; };
		OBJ_6 /* Package.swift */ = {isa = PBXFileReference; explicitFileType = sourcecode.swift; path = Package.swift; sourceTree = "<group>"; };
		OBJ_9 /* Argument.swift */ = {isa = PBXFileReference; lastKnownFileType = sourcecode.swift; path = Argument.swift; sourceTree = "<group>"; };
/* End PBXFileReference section */

/* Begin PBXFrameworksBuildPhase section */
		OBJ_54 /* Frameworks */ = {
			isa = PBXFrameworksBuildPhase;
			buildActionMask = 0;
			files = (
			);
			runOnlyForDeploymentPostprocessing = 0;
		};
		OBJ_75 /* Frameworks */ = {
			isa = PBXFrameworksBuildPhase;
			buildActionMask = 0;
			files = (
				OBJ_76 /* Docopt.framework in Frameworks */,
			);
			runOnlyForDeploymentPostprocessing = 0;
		};
/* End PBXFrameworksBuildPhase section */

/* Begin PBXGroup section */
		OBJ_24 /* Tests */ = {
			isa = PBXGroup;
			children = (
				222652702051A51000AC20E8 /* LinuxMain.swift */,
				OBJ_25 /* DocoptTests */,
			);
			name = Tests;
			sourceTree = SOURCE_ROOT;
		};
		OBJ_25 /* DocoptTests */ = {
			isa = PBXGroup;
			children = (
				2226526720517B8D00AC20E8 /* testcases.docopt */,
				OBJ_26 /* DocoptTestCase.swift */,
				2226526A20519FCB00AC20E8 /* ValueMatching.swift */,
				2226526C2051A1F500AC20E8 /* ValueMatchingTests.swift */,
				OBJ_27 /* DocoptTestCaseParser.swift */,
				OBJ_28 /* DocoptTestCasesTests.swift */,
				OBJ_29 /* DocoptTests.swift */,
			);
			name = DocoptTests;
			path = Tests/DocoptTests;
			sourceTree = SOURCE_ROOT;
		};
		OBJ_31 /* Products */ = {
			isa = PBXGroup;
			children = (
				"Docopt::DocoptTests::Product" /* DocoptTests.xctest */,
				"Docopt::Docopt::Product" /* Docopt.framework */,
			);
			name = Products;
			sourceTree = BUILT_PRODUCTS_DIR;
		};
		OBJ_5 = {
			isa = PBXGroup;
			children = (
				OBJ_6 /* Package.swift */,
				OBJ_7 /* Sources */,
				OBJ_24 /* Tests */,
				OBJ_30 /* Examples */,
				OBJ_31 /* Products */,
			);
			sourceTree = "<group>";
		};
		OBJ_7 /* Sources */ = {
			isa = PBXGroup;
			children = (
				OBJ_8 /* Docopt */,
			);
			name = Sources;
			sourceTree = SOURCE_ROOT;
		};
		OBJ_8 /* Docopt */ = {
			isa = PBXGroup;
			children = (
				OBJ_9 /* Argument.swift */,
				OBJ_10 /* BranchPattern.swift */,
				OBJ_11 /* Command.swift */,
				OBJ_12 /* Docopt.swift */,
				OBJ_13 /* DocoptError.swift */,
				OBJ_14 /* Either.swift */,
				OBJ_15 /* LeafPattern.swift */,
				OBJ_16 /* OneOrMore.swift */,
				OBJ_17 /* Option.swift */,
				OBJ_18 /* Optional.swift */,
				OBJ_19 /* OptionsShortcut.swift */,
				OBJ_20 /* Pattern.swift */,
				OBJ_21 /* Required.swift */,
				OBJ_22 /* String.swift */,
				OBJ_23 /* Tokens.swift */,
			);
			name = Docopt;
			path = Sources/Docopt;
			sourceTree = SOURCE_ROOT;
		};
/* End PBXGroup section */

/* Begin PBXNativeTarget section */
		"Docopt::Docopt" /* Docopt */ = {
			isa = PBXNativeTarget;
			buildConfigurationList = OBJ_35 /* Build configuration list for PBXNativeTarget "Docopt" */;
			buildPhases = (
				OBJ_38 /* Sources */,
				OBJ_54 /* Frameworks */,
			);
			buildRules = (
			);
			dependencies = (
			);
			name = Docopt;
			productName = Docopt;
			productReference = "Docopt::Docopt::Product" /* Docopt.framework */;
			productType = "com.apple.product-type.framework";
		};
		"Docopt::DocoptTests" /* DocoptTests */ = {
			isa = PBXNativeTarget;
			buildConfigurationList = OBJ_67 /* Build configuration list for PBXNativeTarget "DocoptTests" */;
			buildPhases = (
				OBJ_70 /* Sources */,
				OBJ_75 /* Frameworks */,
				2226526820517BE100AC20E8 /* Resources */,
			);
			buildRules = (
			);
			dependencies = (
				OBJ_77 /* PBXTargetDependency */,
			);
			name = DocoptTests;
			productName = DocoptTests;
			productReference = "Docopt::DocoptTests::Product" /* DocoptTests.xctest */;
			productType = "com.apple.product-type.bundle.unit-test";
		};
		"Docopt::SwiftPMPackageDescription" /* DocoptPackageDescription */ = {
			isa = PBXNativeTarget;
			buildConfigurationList = OBJ_56 /* Build configuration list for PBXNativeTarget "DocoptPackageDescription" */;
			buildPhases = (
				OBJ_59 /* Sources */,
			);
			buildRules = (
			);
			dependencies = (
			);
			name = DocoptPackageDescription;
			productName = DocoptPackageDescription;
			productType = "com.apple.product-type.framework";
		};
/* End PBXNativeTarget section */

/* Begin PBXProject section */
		OBJ_1 /* Project object */ = {
			isa = PBXProject;
			attributes = {
				LastUpgradeCheck = 1010;
				TargetAttributes = {
					"Docopt::Docopt" = {
						LastSwiftMigration = 1010;
					};
					"Docopt::DocoptTests" = {
						LastSwiftMigration = 1010;
					};
				};
			};
			buildConfigurationList = OBJ_2 /* Build configuration list for PBXProject "docopt" */;
			compatibilityVersion = "Xcode 3.2";
			developmentRegion = English;
			hasScannedForEncodings = 0;
			knownRegions = (
				en,
			);
			mainGroup = OBJ_5;
			productRefGroup = OBJ_31 /* Products */;
			projectDirPath = "";
			projectRoot = "";
			targets = (
				"Docopt::Docopt" /* Docopt */,
				"Docopt::SwiftPMPackageDescription" /* DocoptPackageDescription */,
				"Docopt::DocoptPackageTests::ProductTarget" /* DocoptPackageTests */,
				"Docopt::DocoptTests" /* DocoptTests */,
			);
		};
/* End PBXProject section */

/* Begin PBXResourcesBuildPhase section */
		2226526820517BE100AC20E8 /* Resources */ = {
			isa = PBXResourcesBuildPhase;
			buildActionMask = 2147483647;
			files = (
				2226526920517BE500AC20E8 /* testcases.docopt in Resources */,
			);
			runOnlyForDeploymentPostprocessing = 0;
		};
/* End PBXResourcesBuildPhase section */

/* Begin PBXSourcesBuildPhase section */
		OBJ_38 /* Sources */ = {
			isa = PBXSourcesBuildPhase;
			buildActionMask = 0;
			files = (
				OBJ_39 /* Argument.swift in Sources */,
				OBJ_40 /* BranchPattern.swift in Sources */,
				OBJ_41 /* Command.swift in Sources */,
				OBJ_42 /* Docopt.swift in Sources */,
				OBJ_43 /* DocoptError.swift in Sources */,
				OBJ_44 /* Either.swift in Sources */,
				OBJ_45 /* LeafPattern.swift in Sources */,
				OBJ_46 /* OneOrMore.swift in Sources */,
				OBJ_47 /* Option.swift in Sources */,
				OBJ_48 /* Optional.swift in Sources */,
				OBJ_49 /* OptionsShortcut.swift in Sources */,
				OBJ_50 /* Pattern.swift in Sources */,
				OBJ_51 /* Required.swift in Sources */,
				OBJ_52 /* String.swift in Sources */,
				OBJ_53 /* Tokens.swift in Sources */,
			);
			runOnlyForDeploymentPostprocessing = 0;
		};
		OBJ_59 /* Sources */ = {
			isa = PBXSourcesBuildPhase;
			buildActionMask = 0;
			files = (
				OBJ_60 /* Package.swift in Sources */,
			);
			runOnlyForDeploymentPostprocessing = 0;
		};
		OBJ_70 /* Sources */ = {
			isa = PBXSourcesBuildPhase;
			buildActionMask = 0;
			files = (
				2226526F2051A1FE00AC20E8 /* ValueMatchingTests.swift in Sources */,
				OBJ_71 /* DocoptTestCase.swift in Sources */,
				2226526E2051A1FA00AC20E8 /* ValueMatching.swift in Sources */,
				OBJ_72 /* DocoptTestCaseParser.swift in Sources */,
				OBJ_73 /* DocoptTestCasesTests.swift in Sources */,
				OBJ_74 /* DocoptTests.swift in Sources */,
			);
			runOnlyForDeploymentPostprocessing = 0;
		};
/* End PBXSourcesBuildPhase section */

/* Begin PBXTargetDependency section */
		OBJ_65 /* PBXTargetDependency */ = {
			isa = PBXTargetDependency;
			target = "Docopt::DocoptTests" /* DocoptTests */;
			targetProxy = 2226526620517B3800AC20E8 /* PBXContainerItemProxy */;
		};
		OBJ_77 /* PBXTargetDependency */ = {
			isa = PBXTargetDependency;
			target = "Docopt::Docopt" /* Docopt */;
			targetProxy = 2226526520517B3700AC20E8 /* PBXContainerItemProxy */;
		};
/* End PBXTargetDependency section */

/* Begin XCBuildConfiguration section */
		OBJ_3 /* Debug */ = {
			isa = XCBuildConfiguration;
			buildSettings = {
				CLANG_ENABLE_OBJC_ARC = YES;
				CLANG_WARN_BLOCK_CAPTURE_AUTORELEASING = YES;
				CLANG_WARN_BOOL_CONVERSION = YES;
				CLANG_WARN_COMMA = YES;
				CLANG_WARN_CONSTANT_CONVERSION = YES;
				CLANG_WARN_DEPRECATED_OBJC_IMPLEMENTATIONS = YES;
				CLANG_WARN_EMPTY_BODY = YES;
				CLANG_WARN_ENUM_CONVERSION = YES;
				CLANG_WARN_INFINITE_RECURSION = YES;
				CLANG_WARN_INT_CONVERSION = YES;
				CLANG_WARN_NON_LITERAL_NULL_CONVERSION = YES;
				CLANG_WARN_OBJC_IMPLICIT_RETAIN_SELF = YES;
				CLANG_WARN_OBJC_LITERAL_CONVERSION = YES;
				CLANG_WARN_RANGE_LOOP_ANALYSIS = YES;
				CLANG_WARN_STRICT_PROTOTYPES = YES;
				CLANG_WARN_SUSPICIOUS_MOVE = YES;
				CLANG_WARN_UNREACHABLE_CODE = YES;
				CLANG_WARN__DUPLICATE_METHOD_MATCH = YES;
				COMBINE_HIDPI_IMAGES = YES;
				COPY_PHASE_STRIP = NO;
				DEBUG_INFORMATION_FORMAT = dwarf;
				DYLIB_INSTALL_NAME_BASE = "@rpath";
				ENABLE_NS_ASSERTIONS = YES;
				ENABLE_STRICT_OBJC_MSGSEND = YES;
				ENABLE_TESTABILITY = YES;
				GCC_NO_COMMON_BLOCKS = YES;
				GCC_OPTIMIZATION_LEVEL = 0;
				GCC_WARN_64_TO_32_BIT_CONVERSION = YES;
				GCC_WARN_ABOUT_RETURN_TYPE = YES;
				GCC_WARN_UNDECLARED_SELECTOR = YES;
				GCC_WARN_UNINITIALIZED_AUTOS = YES;
				GCC_WARN_UNUSED_FUNCTION = YES;
				GCC_WARN_UNUSED_VARIABLE = YES;
				MACOSX_DEPLOYMENT_TARGET = 10.10;
				ONLY_ACTIVE_ARCH = YES;
				OTHER_SWIFT_FLAGS = "-DXcode";
				PRODUCT_NAME = "$(TARGET_NAME)";
				SDKROOT = macosx;
				SUPPORTED_PLATFORMS = "macosx iphoneos iphonesimulator appletvos appletvsimulator watchos watchsimulator";
				SWIFT_ACTIVE_COMPILATION_CONDITIONS = SWIFT_PACKAGE;
				SWIFT_OPTIMIZATION_LEVEL = "-Onone";
				USE_HEADERMAP = NO;
			};
			name = Debug;
		};
		OBJ_36 /* Debug */ = {
			isa = XCBuildConfiguration;
			buildSettings = {
				ENABLE_TESTABILITY = YES;
				FRAMEWORK_SEARCH_PATHS = (
					"$(inherited)",
					"$(PLATFORM_DIR)/Developer/Library/Frameworks",
				);
				HEADER_SEARCH_PATHS = "$(inherited)";
				INFOPLIST_FILE = Docopt.xcodeproj/Docopt_Info.plist;
				LD_RUNPATH_SEARCH_PATHS = "$(inherited) $(TOOLCHAIN_DIR)/usr/lib/swift/macosx";
				OTHER_LDFLAGS = "$(inherited)";
				OTHER_SWIFT_FLAGS = "$(inherited)";
				PRODUCT_BUNDLE_IDENTIFIER = Docopt;
				PRODUCT_MODULE_NAME = "$(TARGET_NAME:c99extidentifier)";
				PRODUCT_NAME = "$(TARGET_NAME:c99extidentifier)";
				SKIP_INSTALL = YES;
				SWIFT_VERSION = 4.2;
				TARGET_NAME = Docopt;
			};
			name = Debug;
		};
		OBJ_37 /* Release */ = {
			isa = XCBuildConfiguration;
			buildSettings = {
				ENABLE_TESTABILITY = YES;
				FRAMEWORK_SEARCH_PATHS = (
					"$(inherited)",
					"$(PLATFORM_DIR)/Developer/Library/Frameworks",
				);
				HEADER_SEARCH_PATHS = "$(inherited)";
				INFOPLIST_FILE = Docopt.xcodeproj/Docopt_Info.plist;
				LD_RUNPATH_SEARCH_PATHS = "$(inherited) $(TOOLCHAIN_DIR)/usr/lib/swift/macosx";
				OTHER_LDFLAGS = "$(inherited)";
				OTHER_SWIFT_FLAGS = "$(inherited)";
				PRODUCT_BUNDLE_IDENTIFIER = Docopt;
				PRODUCT_MODULE_NAME = "$(TARGET_NAME:c99extidentifier)";
				PRODUCT_NAME = "$(TARGET_NAME:c99extidentifier)";
				SKIP_INSTALL = YES;
				SWIFT_VERSION = 4.2;
				TARGET_NAME = Docopt;
			};
			name = Release;
		};
		OBJ_4 /* Release */ = {
			isa = XCBuildConfiguration;
			buildSettings = {
				CLANG_ENABLE_OBJC_ARC = YES;
				CLANG_WARN_BLOCK_CAPTURE_AUTORELEASING = YES;
				CLANG_WARN_BOOL_CONVERSION = YES;
				CLANG_WARN_COMMA = YES;
				CLANG_WARN_CONSTANT_CONVERSION = YES;
				CLANG_WARN_DEPRECATED_OBJC_IMPLEMENTATIONS = YES;
				CLANG_WARN_EMPTY_BODY = YES;
				CLANG_WARN_ENUM_CONVERSION = YES;
				CLANG_WARN_INFINITE_RECURSION = YES;
				CLANG_WARN_INT_CONVERSION = YES;
				CLANG_WARN_NON_LITERAL_NULL_CONVERSION = YES;
				CLANG_WARN_OBJC_IMPLICIT_RETAIN_SELF = YES;
				CLANG_WARN_OBJC_LITERAL_CONVERSION = YES;
				CLANG_WARN_RANGE_LOOP_ANALYSIS = YES;
				CLANG_WARN_STRICT_PROTOTYPES = YES;
				CLANG_WARN_SUSPICIOUS_MOVE = YES;
				CLANG_WARN_UNREACHABLE_CODE = YES;
				CLANG_WARN__DUPLICATE_METHOD_MATCH = YES;
				COMBINE_HIDPI_IMAGES = YES;
				COPY_PHASE_STRIP = YES;
				DEBUG_INFORMATION_FORMAT = "dwarf-with-dsym";
				DYLIB_INSTALL_NAME_BASE = "@rpath";
				ENABLE_STRICT_OBJC_MSGSEND = YES;
				GCC_NO_COMMON_BLOCKS = YES;
				GCC_OPTIMIZATION_LEVEL = s;
				GCC_WARN_64_TO_32_BIT_CONVERSION = YES;
				GCC_WARN_ABOUT_RETURN_TYPE = YES;
				GCC_WARN_UNDECLARED_SELECTOR = YES;
				GCC_WARN_UNINITIALIZED_AUTOS = YES;
				GCC_WARN_UNUSED_FUNCTION = YES;
				GCC_WARN_UNUSED_VARIABLE = YES;
				MACOSX_DEPLOYMENT_TARGET = 10.10;
				OTHER_SWIFT_FLAGS = "-DXcode";
				PRODUCT_NAME = "$(TARGET_NAME)";
				SDKROOT = macosx;
				SUPPORTED_PLATFORMS = "macosx iphoneos iphonesimulator appletvos appletvsimulator watchos watchsimulator";
				SWIFT_ACTIVE_COMPILATION_CONDITIONS = SWIFT_PACKAGE;
				SWIFT_OPTIMIZATION_LEVEL = "-Owholemodule";
				USE_HEADERMAP = NO;
			};
			name = Release;
		};
		OBJ_57 /* Debug */ = {
			isa = XCBuildConfiguration;
			buildSettings = {
				LD = /usr/bin/true;
				OTHER_SWIFT_FLAGS = "-swift-version 4 -I $(TOOLCHAIN_DIR)/usr/lib/swift/pm/4 -target x86_64-apple-macosx10.10 -sdk /Volumes/caconym/Applications/Xcode93b2.app/Contents/Developer/Platforms/MacOSX.platform/Developer/SDKs/MacOSX10.13.sdk";
				SWIFT_VERSION = 4.0;
			};
			name = Debug;
		};
		OBJ_58 /* Release */ = {
			isa = XCBuildConfiguration;
			buildSettings = {
				LD = /usr/bin/true;
				OTHER_SWIFT_FLAGS = "-swift-version 4 -I $(TOOLCHAIN_DIR)/usr/lib/swift/pm/4 -target x86_64-apple-macosx10.10 -sdk /Volumes/caconym/Applications/Xcode93b2.app/Contents/Developer/Platforms/MacOSX.platform/Developer/SDKs/MacOSX10.13.sdk";
				SWIFT_VERSION = 4.0;
			};
			name = Release;
		};
		OBJ_63 /* Debug */ = {
			isa = XCBuildConfiguration;
			buildSettings = {
			};
			name = Debug;
		};
		OBJ_64 /* Release */ = {
			isa = XCBuildConfiguration;
			buildSettings = {
			};
			name = Release;
		};
		OBJ_68 /* Debug */ = {
			isa = XCBuildConfiguration;
			buildSettings = {
				ALWAYS_EMBED_SWIFT_STANDARD_LIBRARIES = YES;
				FRAMEWORK_SEARCH_PATHS = (
					"$(inherited)",
					"$(PLATFORM_DIR)/Developer/Library/Frameworks",
				);
				HEADER_SEARCH_PATHS = "$(inherited)";
				INFOPLIST_FILE = Docopt.xcodeproj/DocoptTests_Info.plist;
				LD_RUNPATH_SEARCH_PATHS = "$(inherited) @loader_path/../Frameworks @loader_path/Frameworks";
				OTHER_LDFLAGS = "$(inherited)";
				OTHER_SWIFT_FLAGS = "$(inherited)";
				SWIFT_VERSION = 4.2;
				TARGET_NAME = DocoptTests;
			};
			name = Debug;
		};
		OBJ_69 /* Release */ = {
			isa = XCBuildConfiguration;
			buildSettings = {
				ALWAYS_EMBED_SWIFT_STANDARD_LIBRARIES = YES;
				FRAMEWORK_SEARCH_PATHS = (
					"$(inherited)",
					"$(PLATFORM_DIR)/Developer/Library/Frameworks",
				);
				HEADER_SEARCH_PATHS = "$(inherited)";
				INFOPLIST_FILE = Docopt.xcodeproj/DocoptTests_Info.plist;
				LD_RUNPATH_SEARCH_PATHS = "$(inherited) @loader_path/../Frameworks @loader_path/Frameworks";
				OTHER_LDFLAGS = "$(inherited)";
				OTHER_SWIFT_FLAGS = "$(inherited)";
				SWIFT_VERSION = 4.2;
				TARGET_NAME = DocoptTests;
			};
			name = Release;
		};
/* End XCBuildConfiguration section */

/* Begin XCConfigurationList section */
		OBJ_2 /* Build configuration list for PBXProject "docopt" */ = {
			isa = XCConfigurationList;
			buildConfigurations = (
				OBJ_3 /* Debug */,
				OBJ_4 /* Release */,
			);
			defaultConfigurationIsVisible = 0;
			defaultConfigurationName = Release;
		};
		OBJ_35 /* Build configuration list for PBXNativeTarget "Docopt" */ = {
			isa = XCConfigurationList;
			buildConfigurations = (
				OBJ_36 /* Debug */,
				OBJ_37 /* Release */,
			);
			defaultConfigurationIsVisible = 0;
			defaultConfigurationName = Release;
		};
		OBJ_56 /* Build configuration list for PBXNativeTarget "DocoptPackageDescription" */ = {
			isa = XCConfigurationList;
			buildConfigurations = (
				OBJ_57 /* Debug */,
				OBJ_58 /* Release */,
			);
			defaultConfigurationIsVisible = 0;
			defaultConfigurationName = Release;
		};
		OBJ_62 /* Build configuration list for PBXAggregateTarget "DocoptPackageTests" */ = {
			isa = XCConfigurationList;
			buildConfigurations = (
				OBJ_63 /* Debug */,
				OBJ_64 /* Release */,
			);
			defaultConfigurationIsVisible = 0;
			defaultConfigurationName = Release;
		};
		OBJ_67 /* Build configuration list for PBXNativeTarget "DocoptTests" */ = {
			isa = XCConfigurationList;
			buildConfigurations = (
				OBJ_68 /* Debug */,
				OBJ_69 /* Release */,
			);
			defaultConfigurationIsVisible = 0;
			defaultConfigurationName = Release;
		};
/* End XCConfigurationList section */
	};
	rootObject = OBJ_1 /* Project object */;
}
